
Microsoft Visual Studio Solution File, Format Version 12.00
# Visual Studio Version 17
VisualStudioVersion = 17.3.32825.248
MinimumVisualStudioVersion = 10.0.40219.1
Project("{FAE04EC0-301F-11D3-BF4B-00C04F79EFBC}") = "StudentLib", "StudentServiceLib\StudentLib.csproj", "{E4926D1D-FBB7-46ED-9511-E557A84386EE}"
EndProject
Project("{FAE04EC0-301F-11D3-BF4B-00C04F79EFBC}") = "StudentTest", "StudentTest\StudentTest.csproj", "{B47288DB-7B8C-4130-9071-3F7C5F661A60}"
EndProject
Global
	GlobalSection(SolutionConfigurationPlatforms) = preSolution
		Debug|Any CPU = Debug|Any CPU
		Release|Any CPU = Release|Any CPU
	EndGlobalSection
	GlobalSection(ProjectConfigurationPlatforms) = postSolution
		{E4926D1D-FBB7-46ED-9511-E557A84386EE}.Debug|Any CPU.ActiveCfg = Debug|Any CPU
		{E4926D1D-FBB7-46ED-9511-E557A84386EE}.Debug|Any CPU.Build.0 = Debug|Any CPU
		{E4926D1D-FBB7-46ED-9511-E557A84386EE}.Release|Any CPU.ActiveCfg = Release|Any CPU
		{E4926D1D-FBB7-46ED-9511-E557A84386EE}.Release|Any CPU.Build.0 = Release|Any CPU
		{B47288DB-7B8C-4130-9071-3F7C5F661A60}.Debug|Any CPU.ActiveCfg = Debug|Any CPU
		{B47288DB-7B8C-4130-9071-3F7C5F661A60}.Debug|Any CPU.Build.0 = Debug|Any CPU
		{B47288DB-7B8C-4130-9071-3F7C5F661A60}.Release|Any CPU.ActiveCfg = Release|Any CPU
		{B47288DB-7B8C-4130-9071-3F7C5F661A60}.Release|Any CPU.Build.0 = Release|Any CPU
	EndGlobalSection
	GlobalSection(SolutionProperties) = preSolution
		HideSolutionNode = FALSE
	EndGlobalSection
	GlobalSection(ExtensibilityGlobals) = postSolution
		SolutionGuid = {74FCF20D-42F6-48C7-94BA-C8FF583DD445}
	EndGlobalSection
EndGlobal
